
Microsoft Visual Studio Solution File, Format Version 12.00
# Visual Studio Version 16
VisualStudioVersion = 16.0.30517.126
MinimumVisualStudioVersion = 10.0.40219.1
Project("{FAE04EC0-301F-11D3-BF4B-00C04F79EFBC}") = "RestAPICRUDEFDemo", "RestAPICRUDEFDemo\RestAPICRUDEFDemo.csproj", "{4D04FC76-DF47-48B0-B56A-8DF3C7AD888A}"
EndProject
Global
	GlobalSection(SolutionConfigurationPlatforms) = preSolution
		Debug|Any CPU = Debug|Any CPU
		Release|Any CPU = Release|Any CPU
	EndGlobalSection
	GlobalSection(ProjectConfigurationPlatforms) = postSolution
		{4D04FC76-DF47-48B0-B56A-8DF3C7AD888A}.Debug|Any CPU.ActiveCfg = Debug|Any CPU
		{4D04FC76-DF47-48B0-B56A-8DF3C7AD888A}.Debug|Any CPU.Build.0 = Debug|Any CPU
		{4D04FC76-DF47-48B0-B56A-8DF3C7AD888A}.Release|Any CPU.ActiveCfg = Release|Any CPU
		{4D04FC76-DF47-48B0-B56A-8DF3C7AD888A}.Release|Any CPU.Build.0 = Release|Any CPU
	EndGlobalSection
	GlobalSection(SolutionProperties) = preSolution
		HideSolutionNode = FALSE
	EndGlobalSection
	GlobalSection(ExtensibilityGlobals) = postSolution
		SolutionGuid = {18CD9FA4-8A19-47DD-A3CB-FFABEEC943E4}
	EndGlobalSection
EndGlobal
